<?xml version="1.0" encoding="utf-8"?>
<Project ToolsVersion="4.0" xmlns="http://schemas.microsoft.com/developer/msbuild/2003">
  <ItemGroup>
    <ClCompile Include="..\..\source\PCLShader\source\tdogl\Bitmap.cpp">
      <Filter>source\tdogl</Filter>
    </ClCompile>
    <ClCompile Include="..\..\source\PCLShader\source\tdogl\Camera.cpp">
      <Filter>source\tdogl</Filter>
    </ClCompile>
    <ClCompile Include="..\..\source\common\thirdparty\glew\src\glew.c">
      <Filter>common</Filter>
    </ClCompile>
    <ClCompile Include="platform_windows.cpp">
      <Filter>common</Filter>
    </ClCompile>
    <ClCompile Include="..\..\source\PCLShader\source\main.cpp">
      <Filter>source</Filter>
    </ClCompile>
    <ClCompile Include="..\..\source\PCLShader\source\tdogl\Program.cpp">
      <Filter>source\tdogl</Filter>
    </ClCompile>
    <ClCompile Include="..\..\source\PCLShader\source\tdogl\Shader.cpp">
      <Filter>source\tdogl</Filter>
    </ClCompile>
    <ClCompile Include="..\..\source\PCLShader\source\tdogl\Texture.cpp">
      <Filter>source\tdogl</Filter>
    </ClCompile>
    <ClCompile Include="..\..\source\PCLShader\source\tdogl\FrameBuffer.cpp">
      <Filter>source\tdogl</Filter>
    </ClCompile>
  </ItemGroup>
  <ItemGroup>
    <ClInclude Include="..\..\source\PCLShader\source\tdogl\Bitmap.h">
      <Filter>source\tdogl</Filter>
    </ClInclude>
    <ClInclude Include="..\..\source\PCLShader\source\tdogl\Camera.h">
      <Filter>source\tdogl</Filter>
    </ClInclude>
    <ClInclude Include="..\..\source\PCLShader\source\tdogl\Program.h">
      <Filter>source\tdogl</Filter>
    </ClInclude>
    <ClInclude Include="..\..\source\PCLShader\source\tdogl\Shader.h">
      <Filter>source\tdogl</Filter>
    </ClInclude>
    <ClInclude Include="..\..\source\PCLShader\source\tdogl\Texture.h">
      <Filter>source\tdogl</Filter>
    </ClInclude>
    <ClInclude Include="..\..\source\PCLShader\source\tdogl\FrameBuffer.h">
      <Filter>source\tdogl</Filter>
    </ClInclude>
  </ItemGroup>
  <ItemGroup>
    <Text Include="..\..\source\PCLShader\resources\fragment-shader.frag">
      <Filter>resources\Main Shaders</Filter>
    </Text>
    <Text Include="..\..\source\PCLShader\resources\vertex-shader.vert">
      <Filter>resources\Main Shaders</Filter>
    </Text>
  </ItemGroup>
  <ItemGroup>
    <Filter Include="source">
      <UniqueIdentifier>{2f6f119b-d9f0-4a2e-8587-94d1796c8c95}</UniqueIdentifier>
    </Filter>
    <Filter Include="source\tdogl">
      <UniqueIdentifier>{7a259c8d-9493-4663-acd0-6951fba5e422}</UniqueIdentifier>
    </Filter>
    <Filter Include="resources">
      <UniqueIdentifier>{180c3ec5-0768-4eb4-a134-e2d0118d8ed6}</UniqueIdentifier>
    </Filter>
    <Filter Include="common">
      <UniqueIdentifier>{73cc1e75-3a01-4b2b-a54e-32439ee2ab3d}</UniqueIdentifier>
    </Filter>
    <Filter Include="resources\Main Shaders">
      <UniqueIdentifier>{6ff84204-9da9-4523-8aae-a773ff667c93}</UniqueIdentifier>
    </Filter>
    <Filter Include="resources\A Buffer">
      <UniqueIdentifier>{ea4ee50c-dff8-4321-ab31-2c9e83efef8e}</UniqueIdentifier>
    </Filter>
    <Filter Include="resources\Aux Filters">
      <UniqueIdentifier>{fc12c794-6d3d-45f5-9631-c4ee5f60cd4f}</UniqueIdentifier>
    </Filter>
  </ItemGroup>
  <ItemGroup>
    <None Include="..\..\source\PCLShader\resources\normals-shader.geom">
      <Filter>resources\Main Shaders</Filter>
    </None>
    <None Include="..\..\source\PCLShader\resources\ABufferShading.glsl">
      <Filter>resources\A Buffer</Filter>
    </None>
    <None Include="..\..\source\PCLShader\resources\ABufferSort.glsl">
      <Filter>resources\A Buffer</Filter>
    </None>
    <None Include="..\..\source\PCLShader\resources\clearABuffer.frag">
      <Filter>resources\A Buffer</Filter>
    </None>
    <None Include="..\..\source\PCLShader\resources\dispABuffer.frag">
      <Filter>resources\A Buffer</Filter>
    </None>
    <None Include="..\..\source\PCLShader\resources\passThrough.vert">
      <Filter>resources\A Buffer</Filter>
    </None>
    <None Include="..\..\source\PCLShader\resources\blur.frag">
      <Filter>resources\Aux Filters</Filter>
    </None>
    <None Include="..\..\source\PCLShader\resources\diff.frag">
      <Filter>resources\Aux Filters</Filter>
    </None>
    <None Include="..\..\source\PCLShader\resources\ref-shader.geom">
      <Filter>resources\Aux Filters</Filter>
    </None>
    <None Include="..\..\source\PCLShader\resources\rtt.frag">
      <Filter>resources\Aux Filters</Filter>
    </None>
    <None Include="..\..\source\PCLShader\resources\rtt.vert">
      <Filter>resources\Aux Filters</Filter>
    </None>
    <None Include="..\..\source\PCLShader\resources\rttArt.frag">
      <Filter>resources\Aux Filters</Filter>
    </None>
    <None Include="..\..\source\PCLShader\resources\simp.frag">
      <Filter>resources\Aux Filters</Filter>
    </None>
    <None Include="..\..\source\PCLShader\resources\simp.vert">
      <Filter>resources\Aux Filters</Filter>
    </None>
    <None Include="..\..\source\PCLShader\resources\splat-shader.geom">
      <Filter>resources\Aux Filters</Filter>
    </None>
    <None Include="..\..\source\PCLShader\resources\frag-brush-shader.frag">
      <Filter>resources\Main Shaders</Filter>
    </None>
  </ItemGroup>
  <ItemGroup>
    <Image Include="..\..\source\PCLShader\resources\wooden-crate.jpg">
      <Filter>source\tdogl</Filter>
    </Image>
  </ItemGroup>
</Project>